{
  "name": "layering-test",
  "version": "1.0.0",
  "lockfileVersion": 3,
  "requires": true,
  "packages": {
    "": {
      "name": "layering-test",
      "version": "1.0.0",
      "license": "ISC",
      "dependencies": {
        "webgpu": "^0.2.11"
      }
    },
    "node_modules/@webgpu/types": {
      "version": "0.1.60",
      "resolved": "https://registry.npmjs.org/@webgpu/types/-/types-0.1.60.tgz",
      "integrity": "sha512-8B/tdfRFKdrnejqmvq95ogp8tf52oZ51p3f4QD5m5Paey/qlX4Rhhy5Y8tgFMi7Ms70HzcMMw3EQjH/jdhTwlA==",
      "license": "BSD-3-Clause"
    },
    "node_modules/webgpu": {
      "version": "0.2.11",
      "resolved": "https://registry.npmjs.org/webgpu/-/webgpu-0.2.11.tgz",
      "integrity": "sha512-eF6pVzdtqmIhREDNkZWMzktHoeS9jIa649wrNvc9/ZDsqC8WBuTpS8af1UoLbQzyvCn34IsHPqMCxG2uTe7lOg==",
      "license": "MIT",
      "dependencies": {
        "@webgpu/types": "^0.1.54"
      }
    }
  }
}
